{
  "originHash" : "815798f215b1c203a93f4024cea6528a7ebd2f1eec87f3567904a263ede0606e",
  "pins" : [
    {
      "identity" : "swiftsoup",
      "kind" : "remoteSourceControl",
      "location" : "https://github.com/scinfu/SwiftSoup.git",
      "state" : {
        "revision" : "18b80329749eca5ea29fc50211dca5c7eff5bfec",
        "version" : "2.13.9"
      }
    }
  ],
  "version" : 3
}
