// !$*UTF8*$!
{
	archiveVersion = 1;
	classes = {
	};
	objectVersion = 77;
	objects = {

/* Begin PBXBuildFile section */
		AA0000012AAAAAAAAA00000001 /* VeneraKit in Frameworks */ = {isa = PBXBuildFile; productRef = AA0000022AAAAAAAAA00000001 /* VeneraKit */; };
		AA0000142AAAAAAAAA00000001 /* guide.zh.md in Resources */ = {isa = PBXBuildFile; fileRef = AA0000152AAAAAAAAA00000001 /* guide.zh.md */; };
		AA0000162AAAAAAAAA00000001 /* guide.en.md in Resources */ = {isa = PBXBuildFile; fileRef = AA0000172AAAAAAAAA00000001 /* guide.en.md */; };
/* End PBXBuildFile section */

/* Begin PBXFileReference section */
		AA0000032AAAAAAAAA00000001 /* VeneraX.app */ = {isa = PBXFileReference; explicitFileType = wrapper.application; includeInIndex = 0; path = VeneraX.app; sourceTree = BUILT_PRODUCTS_DIR; };
		AA0000152AAAAAAAAA00000001 /* guide.zh.md */ = {isa = PBXFileReference; lastKnownFileType = text; path = ../doc/guide.zh.md; sourceTree = "<group>"; };
		AA0000172AAAAAAAAA00000001 /* guide.en.md */ = {isa = PBXFileReference; lastKnownFileType = text; path = ../doc/guide.en.md; sourceTree = "<group>"; };
/* End PBXFileReference section */

/* Begin PBXFileSystemSynchronizedBuildFileExceptionSet section */
		AA0000042AAAAAAAAA00000001 /* Exceptions for "VeneraX" folder in "VeneraX" target */ = {
			isa = PBXFileSystemSynchronizedBuildFileExceptionSet;
			membershipExceptions = (
				Info.plist,
			);
			target = AA0000082AAAAAAAAA00000001 /* VeneraX */;
		};
/* End PBXFileSystemSynchronizedBuildFileExceptionSet section */

/* Begin PBXFileSystemSynchronizedRootGroup section */
		AA0000052AAAAAAAAA00000001 /* VeneraX */ = {
			isa = PBXFileSystemSynchronizedRootGroup;
			exceptions = (
				AA0000042AAAAAAAAA00000001 /* Exceptions for "VeneraX" folder in "VeneraX" target */,
			);
			path = VeneraX;
			sourceTree = "<group>";
		};
/* End PBXFileSystemSynchronizedRootGroup section */

/* Begin PBXFrameworksBuildPhase section */
		AA0000062AAAAAAAAA00000001 /* Frameworks */ = {
			isa = PBXFrameworksBuildPhase;
			buildActionMask = 2147483647;
			files = (
				AA0000012AAAAAAAAA00000001 /* VeneraKit in Frameworks */,
			);
			runOnlyForDeploymentPostprocessing = 0;
		};
/* End PBXFrameworksBuildPhase section */

/* Begin PBXGroup section */
		AA0000072AAAAAAAAA00000001 = {
			isa = PBXGroup;
			children = (
				AA0000052AAAAAAAAA00000001 /* VeneraX */,
				AA0000152AAAAAAAAA00000001 /* guide.zh.md */,
				AA0000172AAAAAAAAA00000001 /* guide.en.md */,
				AA0000092AAAAAAAAA00000001 /* Products */,
			);
			sourceTree = "<group>";
		};
		AA0000092AAAAAAAAA00000001 /* Products */ = {
			isa = PBXGroup;
			children = (
				AA0000032AAAAAAAAA00000001 /* VeneraX.app */,
			);
			name = Products;
			sourceTree = "<group>";
		};
/* End PBXGroup section */

/* Begin PBXNativeTarget section */
		AA0000082AAAAAAAAA00000001 /* VeneraX */ = {
			isa = PBXNativeTarget;
			buildConfigurationList = AA00000A2AAAAAAAAA00000001 /* Build configuration list for PBXNativeTarget "VeneraX" */;
			buildPhases = (
				AA00000B2AAAAAAAAA00000001 /* Sources */,
				AA0000062AAAAAAAAA00000001 /* Frameworks */,
				AA00000C2AAAAAAAAA00000001 /* Resources */,
			);
			buildRules = (
			);
			dependencies = (
			);
			fileSystemSynchronizedGroups = (
				AA0000052AAAAAAAAA00000001 /* VeneraX */,
			);
			name = VeneraX;
			packageProductDependencies = (
				AA0000022AAAAAAAAA00000001 /* VeneraKit */,
			);
			productName = VeneraX;
			productReference = AA0000032AAAAAAAAA00000001 /* VeneraX.app */;
			productType = "com.apple.product-type.application";
		};
/* End PBXNativeTarget section */

/* Begin PBXProject section */
		AA00000D2AAAAAAAAA00000001 /* Project object */ = {
			isa = PBXProject;
			attributes = {
				BuildIndependentTargetsInParallel = 1;
				LastSwiftUpdateCheck = 1600;
				LastUpgradeCheck = 1600;
				TargetAttributes = {
					AA0000082AAAAAAAAA00000001 = {
						CreatedOnToolsVersion = 16.0;
					};
				};
			};
			buildConfigurationList = AA00000E2AAAAAAAAA00000001 /* Build configuration list for PBXProject "VeneraX" */;
			developmentRegion = en;
			hasScannedForEncodings = 0;
			knownRegions = (
				en,
				Base,
				"zh-Hans",
				"zh-Hant",
			);
			mainGroup = AA0000072AAAAAAAAA00000001;
			minimizedProjectReferenceProxies = 1;
			packageReferences = (
				AA0000132AAAAAAAAA00000001 /* XCLocalSwiftPackageReference "VeneraKit" */,
			);
			preferredProjectObjectVersion = 77;
			productRefGroup = AA0000092AAAAAAAAA00000001 /* Products */;
			projectDirPath = "";
			projectRoot = "";
			targets = (
				AA0000082AAAAAAAAA00000001 /* VeneraX */,
			);
		};
/* End PBXProject section */

/* Begin PBXResourcesBuildPhase section */
		AA00000C2AAAAAAAAA00000001 /* Resources */ = {
			isa = PBXResourcesBuildPhase;
			buildActionMask = 2147483647;
			files = (
				AA0000142AAAAAAAAA00000001 /* guide.zh.md in Resources */,
				AA0000162AAAAAAAAA00000001 /* guide.en.md in Resources */,
			);
			runOnlyForDeploymentPostprocessing = 0;
		};
/* End PBXResourcesBuildPhase section */

/* Begin PBXSourcesBuildPhase section */
		AA00000B2AAAAAAAAA00000001 /* Sources */ = {
			isa = PBXSourcesBuildPhase;
			buildActionMask = 2147483647;
			files = (
			);
			runOnlyForDeploymentPostprocessing = 0;
		};
/* End PBXSourcesBuildPhase section */

/* Begin XCBuildConfiguration section */
		AA00000F2AAAAAAAAA00000001 /* Debug */ = {
			isa = XCBuildConfiguration;
			buildSettings = {
				ALWAYS_SEARCH_USER_PATHS = NO;
				ASSETCATALOG_COMPILER_GENERATE_SWIFT_ASSET_SYMBOL_EXTENSIONS = YES;
				CLANG_ANALYZER_NONNULL = YES;
				CLANG_ANALYZER_NUMBER_OBJECT_CONVERSION = YES;
				CLANG_CXX_LANGUAGE_STANDARD = "gnu++20";
				CLANG_ENABLE_MODULES = YES;
				CLANG_ENABLE_OBJC_ARC = YES;
				CLANG_WARN_BOOL_CONVERSION = YES;
				CLANG_WARN_UNREACHABLE_CODE = YES;
				COPY_PHASE_STRIP = NO;
				ENABLE_STRICT_OBJC_MSGSEND = YES;
				ENABLE_TESTABILITY = YES;
				ENABLE_USER_SCRIPT_SANDBOXING = YES;
				GCC_C_LANGUAGE_STANDARD = gnu17;
				GCC_DYNAMIC_NO_PIC = NO;
				GCC_NO_COMMON_BLOCKS = YES;
				GCC_OPTIMIZATION_LEVEL = 0;
				GCC_PREPROCESSOR_DEFINITIONS = (
					"DEBUG=1",
					"$(inherited)",
				);
				GCC_WARN_UNDECLARED_SELECTOR = YES;
				IPHONEOS_DEPLOYMENT_TARGET = 18.0;
				LOCALIZATION_PREFERS_STRING_CATALOGS = YES;
				MTL_ENABLE_DEBUG_INFO = INCLUDE_SOURCE;
				MTL_FAST_MATH = YES;
				ONLY_ACTIVE_ARCH = YES;
				SDKROOT = iphoneos;
				SUPPORTED_PLATFORMS = "iphoneos iphonesimulator";
				SWIFT_ACTIVE_COMPILATION_CONDITIONS = "DEBUG $(inherited)";
				SWIFT_APPROACHABLE_CONCURRENCY = YES;
				SWIFT_EMIT_LOC_STRINGS = YES;
				SWIFT_OPTIMIZATION_LEVEL = "-Onone";
				SWIFT_VERSION = 6.0;
			};
			name = Debug;
		};
		AA0000102AAAAAAAAA00000001 /* Release */ = {
			isa = XCBuildConfiguration;
			buildSettings = {
				ALWAYS_SEARCH_USER_PATHS = NO;
				ASSETCATALOG_COMPILER_GENERATE_SWIFT_ASSET_SYMBOL_EXTENSIONS = YES;
				CLANG_ANALYZER_NONNULL = YES;
				CLANG_ANALYZER_NUMBER_OBJECT_CONVERSION = YES;
				CLANG_CXX_LANGUAGE_STANDARD = "gnu++20";
				CLANG_ENABLE_MODULES = YES;
				CLANG_ENABLE_OBJC_ARC = YES;
				CLANG_WARN_BOOL_CONVERSION = YES;
				CLANG_WARN_UNREACHABLE_CODE = YES;
				COPY_PHASE_STRIP = NO;
				ENABLE_STRICT_OBJC_MSGSEND = YES;
				ENABLE_USER_SCRIPT_SANDBOXING = YES;
				GCC_C_LANGUAGE_STANDARD = gnu17;
				GCC_NO_COMMON_BLOCKS = YES;
				GCC_WARN_UNDECLARED_SELECTOR = YES;
				IPHONEOS_DEPLOYMENT_TARGET = 18.0;
				LOCALIZATION_PREFERS_STRING_CATALOGS = YES;
				MTL_ENABLE_DEBUG_INFO = NO;
				MTL_FAST_MATH = YES;
				SDKROOT = iphoneos;
				SUPPORTED_PLATFORMS = "iphoneos iphonesimulator";
				SWIFT_APPROACHABLE_CONCURRENCY = YES;
				SWIFT_EMIT_LOC_STRINGS = YES;
				SWIFT_COMPILATION_MODE = wholemodule;
				SWIFT_VERSION = 6.0;
				VALIDATE_PRODUCT = YES;
			};
			name = Release;
		};
		AA0000112AAAAAAAAA00000001 /* Debug */ = {
			isa = XCBuildConfiguration;
			buildSettings = {
				ASSETCATALOG_COMPILER_APPICON_NAME = AppIcon;
				ASSETCATALOG_COMPILER_GLOBAL_ACCENT_COLOR_NAME = AccentColor;
				CODE_SIGN_STYLE = Automatic;
				CURRENT_PROJECT_VERSION = 1;
				DEVELOPMENT_TEAM = "";
				GENERATE_INFOPLIST_FILE = NO;
				INFOPLIST_FILE = VeneraX/Info.plist;
				INFOPLIST_KEY_CFBundleDisplayName = VeneraX;
				LD_RUNPATH_SEARCH_PATHS = (
					"$(inherited)",
					"@executable_path/Frameworks",
				);
				MARKETING_VERSION = 3.0.0;
				PRODUCT_BUNDLE_IDENTIFIER = io.github.kyosee.venerax;
				PRODUCT_NAME = "$(TARGET_NAME)";
				FRAMEWORK_SEARCH_PATHS = (
					"$(inherited)",
					"\"$(PROJECT_DIR)/VeneraKit/build/$(CONFIGURATION)$(EFFECTIVE_PLATFORM_NAME)\"",
				);
				LIBRARY_SEARCH_PATHS = (
					"$(inherited)",
					"\"$(PROJECT_DIR)/VeneraKit/build/$(CONFIGURATION)$(EFFECTIVE_PLATFORM_NAME)\"",
				);
				SDKROOT = iphoneos;
				SUPPORTED_PLATFORMS = "iphoneos iphonesimulator";
				SWIFT_EMIT_LOC_STRINGS = YES;
				SWIFT_INCLUDE_PATHS = (
					"$(inherited)",
					"\"$(PROJECT_DIR)/VeneraKit/build/$(CONFIGURATION)$(EFFECTIVE_PLATFORM_NAME)\"",
				);
				TARGETED_DEVICE_FAMILY = "1,2";
			};
			name = Debug;
		};
		AA0000122AAAAAAAAA00000001 /* Release */ = {
			isa = XCBuildConfiguration;
			buildSettings = {
				ASSETCATALOG_COMPILER_APPICON_NAME = AppIcon;
				ASSETCATALOG_COMPILER_GLOBAL_ACCENT_COLOR_NAME = AccentColor;
				CODE_SIGN_STYLE = Automatic;
				CURRENT_PROJECT_VERSION = 1;
				DEVELOPMENT_TEAM = "";
				GENERATE_INFOPLIST_FILE = NO;
				INFOPLIST_FILE = VeneraX/Info.plist;
				INFOPLIST_KEY_CFBundleDisplayName = VeneraX;
				LD_RUNPATH_SEARCH_PATHS = (
					"$(inherited)",
					"@executable_path/Frameworks",
				);
				MARKETING_VERSION = 3.0.0;
				PRODUCT_BUNDLE_IDENTIFIER = io.github.kyosee.venerax;
				PRODUCT_NAME = "$(TARGET_NAME)";
				FRAMEWORK_SEARCH_PATHS = (
					"$(inherited)",
					"\"$(PROJECT_DIR)/VeneraKit/build/$(CONFIGURATION)$(EFFECTIVE_PLATFORM_NAME)\"",
				);
				LIBRARY_SEARCH_PATHS = (
					"$(inherited)",
					"\"$(PROJECT_DIR)/VeneraKit/build/$(CONFIGURATION)$(EFFECTIVE_PLATFORM_NAME)\"",
				);
				SDKROOT = iphoneos;
				SUPPORTED_PLATFORMS = "iphoneos iphonesimulator";
				SWIFT_EMIT_LOC_STRINGS = YES;
				SWIFT_INCLUDE_PATHS = (
					"$(inherited)",
					"\"$(PROJECT_DIR)/VeneraKit/build/$(CONFIGURATION)$(EFFECTIVE_PLATFORM_NAME)\"",
				);
				TARGETED_DEVICE_FAMILY = "1,2";
			};
			name = Release;
		};
/* End XCBuildConfiguration section */

/* Begin XCConfigurationList section */
		AA00000E2AAAAAAAAA00000001 /* Build configuration list for PBXProject "VeneraX" */ = {
			isa = XCConfigurationList;
			buildConfigurations = (
				AA00000F2AAAAAAAAA00000001 /* Debug */,
				AA0000102AAAAAAAAA00000001 /* Release */,
			);
			defaultConfigurationIsVisible = 0;
			defaultConfigurationName = Release;
		};
		AA00000A2AAAAAAAAA00000001 /* Build configuration list for PBXNativeTarget "VeneraX" */ = {
			isa = XCConfigurationList;
			buildConfigurations = (
				AA0000112AAAAAAAAA00000001 /* Debug */,
				AA0000122AAAAAAAAA00000001 /* Release */,
			);
			defaultConfigurationIsVisible = 0;
			defaultConfigurationName = Release;
		};
/* End XCConfigurationList section */

/* Begin XCLocalSwiftPackageReference section */
		AA0000132AAAAAAAAA00000001 /* XCLocalSwiftPackageReference "VeneraKit" */ = {
			isa = XCLocalSwiftPackageReference;
			relativePath = VeneraKit;
		};
/* End XCLocalSwiftPackageReference section */

/* Begin XCSwiftPackageProductDependency section */
		AA0000022AAAAAAAAA00000001 /* VeneraKit */ = {
			isa = XCSwiftPackageProductDependency;
			package = AA0000132AAAAAAAAA00000001 /* XCLocalSwiftPackageReference "VeneraKit" */;
			productName = VeneraKit;
		};
/* End XCSwiftPackageProductDependency section */
	};
	rootObject = AA00000D2AAAAAAAAA00000001 /* Project object */;
}
